
Microsoft Visual Studio Solution File, Format Version 12.00
# Visual Studio Version 17
VisualStudioVersion = 17.2.32630.192
MinimumVisualStudioVersion = 10.0.40219.1
Project("{FAE04EC0-301F-11D3-BF4B-00C04F79EFBC}") = "LabDesarrollo_Infidelidades", "LabDesarrollo_Infidelidades\LabDesarrollo_Infidelidades.csproj", "{36788FD4-865B-4E13-9C2B-89FDD8983BA8}"
EndProject
Global
	GlobalSection(SolutionConfigurationPlatforms) = preSolution
		Debug|Any CPU = Debug|Any CPU
		Release|Any CPU = Release|Any CPU
	EndGlobalSection
	GlobalSection(ProjectConfigurationPlatforms) = postSolution
		{36788FD4-865B-4E13-9C2B-89FDD8983BA8}.Debug|Any CPU.ActiveCfg = Debug|Any CPU
		{36788FD4-865B-4E13-9C2B-89FDD8983BA8}.Debug|Any CPU.Build.0 = Debug|Any CPU
		{36788FD4-865B-4E13-9C2B-89FDD8983BA8}.Release|Any CPU.ActiveCfg = Release|Any CPU
		{36788FD4-865B-4E13-9C2B-89FDD8983BA8}.Release|Any CPU.Build.0 = Release|Any CPU
	EndGlobalSection
	GlobalSection(SolutionProperties) = preSolution
		HideSolutionNode = FALSE
	EndGlobalSection
	GlobalSection(ExtensibilityGlobals) = postSolution
		SolutionGuid = {E6E93327-6AD3-4F51-9A61-30E367943B77}
	EndGlobalSection
EndGlobal
